
Microsoft Visual Studio Solution File, Format Version 12.00
# Visual Studio Version 17
VisualStudioVersion = 17.14.36623.8
MinimumVisualStudioVersion = 10.0.40219.1
Project("{FAE04EC0-301F-11D3-BF4B-00C04F79EFBC}") = "QuantityMeasurementApp", "QuantityMeasurementApp.csproj", "{84567C97-BE50-49A3-B81B-ED7A76D0FCC7}"
EndProject
Project("{FAE04EC0-301F-11D3-BF4B-00C04F79EFBC}") = "QuantityMeasurementAppTest", "..\QuantityMeasurementAppTest\QuantityMeasurementAppTest.csproj", "{69804785-89A9-44AA-AF35-F953F821EEDD}"
EndProject
Global
	GlobalSection(SolutionConfigurationPlatforms) = preSolution
		Debug|Any CPU = Debug|Any CPU
		Release|Any CPU = Release|Any CPU
	EndGlobalSection
	GlobalSection(ProjectConfigurationPlatforms) = postSolution
		{84567C97-BE50-49A3-B81B-ED7A76D0FCC7}.Debug|Any CPU.ActiveCfg = Debug|Any CPU
		{84567C97-BE50-49A3-B81B-ED7A76D0FCC7}.Debug|Any CPU.Build.0 = Debug|Any CPU
		{84567C97-BE50-49A3-B81B-ED7A76D0FCC7}.Release|Any CPU.ActiveCfg = Release|Any CPU
		{84567C97-BE50-49A3-B81B-ED7A76D0FCC7}.Release|Any CPU.Build.0 = Release|Any CPU
		{69804785-89A9-44AA-AF35-F953F821EEDD}.Debug|Any CPU.ActiveCfg = Debug|Any CPU
		{69804785-89A9-44AA-AF35-F953F821EEDD}.Debug|Any CPU.Build.0 = Debug|Any CPU
		{69804785-89A9-44AA-AF35-F953F821EEDD}.Release|Any CPU.ActiveCfg = Release|Any CPU
		{69804785-89A9-44AA-AF35-F953F821EEDD}.Release|Any CPU.Build.0 = Release|Any CPU
	EndGlobalSection
	GlobalSection(SolutionProperties) = preSolution
		HideSolutionNode = FALSE
	EndGlobalSection
	GlobalSection(ExtensibilityGlobals) = postSolution
		SolutionGuid = {54EFA37F-C426-4B18-B41E-FABD6745F672}
	EndGlobalSection
EndGlobal
